// !$*UTF8*$!
{
	archiveVersion = 1;
	classes = {
	};
	objectVersion = 77;
	objects = {

/* Begin PBXContainerItemProxy section */
		966C9A932CD97CE30060992E /* PBXContainerItemProxy */ = {
			isa = PBXContainerItemProxy;
			containerPortal = 966C9A712CD97CE20060992E /* Project object */;
			proxyType = 1;
			remoteGlobalIDString = 966C9A782CD97CE20060992E;
			remoteInfo = FlappyMax;
		};
		966C9A9D2CD97CE30060992E /* PBXContainerItemProxy */ = {
			isa = PBXContainerItemProxy;
			containerPortal = 966C9A712CD97CE20060992E /* Project object */;
			proxyType = 1;
			remoteGlobalIDString = 966C9A782CD97CE20060992E;
			remoteInfo = FlappyMax;
		};
/* End PBXContainerItemProxy section */

/* Begin PBXFileReference section */
		966C9A792CD97CE20060992E /* FlappyMax.app */ = {isa = PBXFileReference; explicitFileType = wrapper.application; includeInIndex = 0; path = FlappyMax.app; sourceTree = BUILT_PRODUCTS_DIR; };
		966C9A922CD97CE30060992E /* FlappyMaxTests.xctest */ = {isa = PBXFileReference; explicitFileType = wrapper.cfbundle; includeInIndex = 0; path = FlappyMaxTests.xctest; sourceTree = BUILT_PRODUCTS_DIR; };
		966C9A9C2CD97CE30060992E /* FlappyMaxUITests.xctest */ = {isa = PBXFileReference; explicitFileType = wrapper.cfbundle; includeInIndex = 0; path = FlappyMaxUITests.xctest; sourceTree = BUILT_PRODUCTS_DIR; };
/* End PBXFileReference section */

/* Begin PBXFileSystemSynchronizedRootGroup section */
		966C9A7B2CD97CE20060992E /* FlappyMax */ = {
			isa = PBXFileSystemSynchronizedRootGroup;
			path = FlappyMax;
			sourceTree = "<group>";
		};
		966C9A952CD97CE30060992E /* FlappyMaxTests */ = {
			isa = PBXFileSystemSynchronizedRootGroup;
			path = FlappyMaxTests;
			sourceTree = "<group>";
		};
		966C9A9F2CD97CE30060992E /* FlappyMaxUITests */ = {
			isa = PBXFileSystemSynchronizedRootGroup;
			path = FlappyMaxUITests;
			sourceTree = "<group>";
		};
/* End PBXFileSystemSynchronizedRootGroup section */

/* Begin PBXFrameworksBuildPhase section */
		966C9A762CD97CE20060992E /* Frameworks */ = {
			isa = PBXFrameworksBuildPhase;
			buildActionMask = 2147483647;
			files = (
			);
			runOnlyForDeploymentPostprocessing = 0;
		};
		966C9A8F2CD97CE30060992E /* Frameworks */ = {
			isa = PBXFrameworksBuildPhase;
			buildActionMask = 2147483647;
			files = (
			);
			runOnlyForDeploymentPostprocessing = 0;
		};
		966C9A992CD97CE30060992E /* Frameworks */ = {
			isa = PBXFrameworksBuildPhase;
			buildActionMask = 2147483647;
			files = (
			);
			runOnlyForDeploymentPostprocessing = 0;
		};
/* End PBXFrameworksBuildPhase section */

/* Begin PBXGroup section */
		966C9A702CD97CE20060992E = {
			isa = PBXGroup;
			children = (
				966C9A7B2CD97CE20060992E /* FlappyMax */,
				966C9A952CD97CE30060992E /* FlappyMaxTests */,
				966C9A9F2CD97CE30060992E /* FlappyMaxUITests */,
				966C9A7A2CD97CE20060992E /* Products */,
			);
			sourceTree = "<group>";
		};
		966C9A7A2CD97CE20060992E /* Products */ = {
			isa = PBXGroup;
			children = (
				966C9A792CD97CE20060992E /* FlappyMax.app */,
				966C9A922CD97CE30060992E /* FlappyMaxTests.xctest */,
				966C9A9C2CD97CE30060992E /* FlappyMaxUITests.xctest */,
			);
			name = Products;
			sourceTree = "<group>";
		};
/* End PBXGroup section */

/* Begin PBXNativeTarget section */
		966C9A782CD97CE20060992E /* FlappyMax */ = {
			isa = PBXNativeTarget;
			buildConfigurationList = 966C9AA62CD97CE30060992E /* Build configuration list for PBXNativeTarget "FlappyMax" */;
			buildPhases = (
				966C9A752CD97CE20060992E /* Sources */,
				966C9A762CD97CE20060992E /* Frameworks */,
				966C9A772CD97CE20060992E /* Resources */,
			);
			buildRules = (
			);
			dependencies = (
			);
			fileSystemSynchronizedGroups = (
				966C9A7B2CD97CE20060992E /* FlappyMax */,
			);
			name = FlappyMax;
			packageProductDependencies = (
			);
			productName = FlappyMax;
			productReference = 966C9A792CD97CE20060992E /* FlappyMax.app */;
			productType = "com.apple.product-type.application";
		};
		966C9A912CD97CE30060992E /* FlappyMaxTests */ = {
			isa = PBXNativeTarget;
			buildConfigurationList = 966C9AA92CD97CE30060992E /* Build configuration list for PBXNativeTarget "FlappyMaxTests" */;
			buildPhases = (
				966C9A8E2CD97CE30060992E /* Sources */,
				966C9A8F2CD97CE30060992E /* Frameworks */,
				966C9A902CD97CE30060992E /* Resources */,
			);
			buildRules = (
			);
			dependencies = (
				966C9A942CD97CE30060992E /* PBXTargetDependency */,
			);
			fileSystemSynchronizedGroups = (
				966C9A952CD97CE30060992E /* FlappyMaxTests */,
			);
			name = FlappyMaxTests;
			packageProductDependencies = (
			);
			productName = FlappyMaxTests;
			productReference = 966C9A922CD97CE30060992E /* FlappyMaxTests.xctest */;
			productType = "com.apple.product-type.bundle.unit-test";
		};
		966C9A9B2CD97CE30060992E /* FlappyMaxUITests */ = {
			isa = PBXNativeTarget;
			buildConfigurationList = 966C9AAC2CD97CE30060992E /* Build configuration list for PBXNativeTarget "FlappyMaxUITests" */;
			buildPhases = (
				966C9A982CD97CE30060992E /* Sources */,
				966C9A992CD97CE30060992E /* Frameworks */,
				966C9A9A2CD97CE30060992E /* Resources */,
			);
			buildRules = (
			);
			dependencies = (
				966C9A9E2CD97CE30060992E /* PBXTargetDependency */,
			);
			fileSystemSynchronizedGroups = (
				966C9A9F2CD97CE30060992E /* FlappyMaxUITests */,
			);
			name = FlappyMaxUITests;
			packageProductDependencies = (
			);
			productName = FlappyMaxUITests;
			productReference = 966C9A9C2CD97CE30060992E /* FlappyMaxUITests.xctest */;
			productType = "com.apple.product-type.bundle.ui-testing";
		};
/* End PBXNativeTarget section */

/* Begin PBXProject section */
		966C9A712CD97CE20060992E /* Project object */ = {
			isa = PBXProject;
			attributes = {
				BuildIndependentTargetsInParallel = 1;
				LastSwiftUpdateCheck = 1610;
				LastUpgradeCheck = 1610;
				TargetAttributes = {
					966C9A782CD97CE20060992E = {
						CreatedOnToolsVersion = 16.1;
					};
					966C9A912CD97CE30060992E = {
						CreatedOnToolsVersion = 16.1;
						TestTargetID = 966C9A782CD97CE20060992E;
					};
					966C9A9B2CD97CE30060992E = {
						CreatedOnToolsVersion = 16.1;
						TestTargetID = 966C9A782CD97CE20060992E;
					};
				};
			};
			buildConfigurationList = 966C9A742CD97CE20060992E /* Build configuration list for PBXProject "FlappyMax" */;
			developmentRegion = en;
			hasScannedForEncodings = 0;
			knownRegions = (
				en,
				Base,
			);
			mainGroup = 966C9A702CD97CE20060992E;
			minimizedProjectReferenceProxies = 1;
			preferredProjectObjectVersion = 77;
			productRefGroup = 966C9A7A2CD97CE20060992E /* Products */;
			projectDirPath = "";
			projectRoot = "";
			targets = (
				966C9A782CD97CE20060992E /* FlappyMax */,
				966C9A912CD97CE30060992E /* FlappyMaxTests */,
				966C9A9B2CD97CE30060992E /* FlappyMaxUITests */,
			);
		};
/* End PBXProject section */

/* Begin PBXResourcesBuildPhase section */
		966C9A772CD97CE20060992E /* Resources */ = {
			isa = PBXResourcesBuildPhase;
			buildActionMask = 2147483647;
			files = (
			);
			runOnlyForDeploymentPostprocessing = 0;
		};
		966C9A902CD97CE30060992E /* Resources */ = {
			isa = PBXResourcesBuildPhase;
			buildActionMask = 2147483647;
			files = (
			);
			runOnlyForDeploymentPostprocessing = 0;
		};
		966C9A9A2CD97CE30060992E /* Resources */ = {
			isa = PBXResourcesBuildPhase;
			buildActionMask = 2147483647;
			files = (
			);
			runOnlyForDeploymentPostprocessing = 0;
		};
/* End PBXResourcesBuildPhase section */

/* Begin PBXSourcesBuildPhase section */
		966C9A752CD97CE20060992E /* Sources */ = {
			isa = PBXSourcesBuildPhase;
			buildActionMask = 2147483647;
			files = (
			);
			runOnlyForDeploymentPostprocessing = 0;
		};
		966C9A8E2CD97CE30060992E /* Sources */ = {
			isa = PBXSourcesBuildPhase;
			buildActionMask = 2147483647;
			files = (
			);
			runOnlyForDeploymentPostprocessing = 0;
		};
		966C9A982CD97CE30060992E /* Sources */ = {
			isa = PBXSourcesBuildPhase;
			buildActionMask = 2147483647;
			files = (
			);
			runOnlyForDeploymentPostprocessing = 0;
		};
/* End PBXSourcesBuildPhase section */

/* Begin PBXTargetDependency section */
		966C9A942CD97CE30060992E /* PBXTargetDependency */ = {
			isa = PBXTargetDependency;
			target = 966C9A782CD97CE20060992E /* FlappyMax */;
			targetProxy = 966C9A932CD97CE30060992E /* PBXContainerItemProxy */;
		};
		966C9A9E2CD97CE30060992E /* PBXTargetDependency */ = {
			isa = PBXTargetDependency;
			target = 966C9A782CD97CE20060992E /* FlappyMax */;
			targetProxy = 966C9A9D2CD97CE30060992E /* PBXContainerItemProxy */;
		};
/* End PBXTargetDependency section */

/* Begin XCBuildConfiguration section */
		966C9AA42CD97CE30060992E /* Debug */ = {
			isa = XCBuildConfiguration;
			buildSettings = {
				ALWAYS_SEARCH_USER_PATHS = NO;
				ASSETCATALOG_COMPILER_GENERATE_SWIFT_ASSET_SYMBOL_EXTENSIONS = YES;
				CLANG_ANALYZER_NONNULL = YES;
				CLANG_ANALYZER_NUMBER_OBJECT_CONVERSION = YES_AGGRESSIVE;
				CLANG_CXX_LANGUAGE_STANDARD = "gnu++20";
				CLANG_ENABLE_MODULES = YES;
				CLANG_ENABLE_OBJC_ARC = YES;
				CLANG_ENABLE_OBJC_WEAK = YES;
				CLANG_WARN_BLOCK_CAPTURE_AUTORELEASING = YES;
				CLANG_WARN_BOOL_CONVERSION = YES;
				CLANG_WARN_COMMA = YES;
				CLANG_WARN_CONSTANT_CONVERSION = YES;
				CLANG_WARN_DEPRECATED_OBJC_IMPLEMENTATIONS = YES;
				CLANG_WARN_DIRECT_OBJC_ISA_USAGE = YES_ERROR;
				CLANG_WARN_DOCUMENTATION_COMMENTS = YES;
				CLANG_WARN_EMPTY_BODY = YES;
				CLANG_WARN_ENUM_CONVERSION = YES;
				CLANG_WARN_INFINITE_RECURSION = YES;
				CLANG_WARN_INT_CONVERSION = YES;
				CLANG_WARN_NON_LITERAL_NULL_CONVERSION = YES;
				CLANG_WARN_OBJC_IMPLICIT_RETAIN_SELF = YES;
				CLANG_WARN_OBJC_LITERAL_CONVERSION = YES;
				CLANG_WARN_OBJC_ROOT_CLASS = YES_ERROR;
				CLANG_WARN_QUOTED_INCLUDE_IN_FRAMEWORK_HEADER = YES;
				CLANG_WARN_RANGE_LOOP_ANALYSIS = YES;
				CLANG_WARN_STRICT_PROTOTYPES = YES;
				CLANG_WARN_SUSPICIOUS_MOVE = YES;
				CLANG_WARN_UNGUARDED_AVAILABILITY = YES_AGGRESSIVE;
				CLANG_WARN_UNREACHABLE_CODE = YES;
				CLANG_WARN__DUPLICATE_METHOD_MATCH = YES;
				COPY_PHASE_STRIP = NO;
				DEBUG_INFORMATION_FORMAT = dwarf;
				ENABLE_STRICT_OBJC_MSGSEND = YES;
				ENABLE_TESTABILITY = YES;
				ENABLE_USER_SCRIPT_SANDBOXING = YES;
				GCC_C_LANGUAGE_STANDARD = gnu17;
				GCC_DYNAMIC_NO_PIC = NO;
				GCC_NO_COMMON_BLOCKS = YES;
				GCC_OPTIMIZATION_LEVEL = 0;
				GCC_PREPROCESSOR_DEFINITIONS = (
					"DEBUG=1",
					"$(inherited)",
				);
				GCC_WARN_64_TO_32_BIT_CONVERSION = YES;
				GCC_WARN_ABOUT_RETURN_TYPE = YES_ERROR;
				GCC_WARN_UNDECLARED_SELECTOR = YES;
				GCC_WARN_UNINITIALIZED_AUTOS = YES_AGGRESSIVE;
				GCC_WARN_UNUSED_FUNCTION = YES;
				GCC_WARN_UNUSED_VARIABLE = YES;
				IPHONEOS_DEPLOYMENT_TARGET = 18.1;
				LOCALIZATION_PREFERS_STRING_CATALOGS = YES;
				MTL_ENABLE_DEBUG_INFO = INCLUDE_SOURCE;
				MTL_FAST_MATH = YES;
				ONLY_ACTIVE_ARCH = YES;
				SDKROOT = iphoneos;
				SWIFT_ACTIVE_COMPILATION_CONDITIONS = "DEBUG $(inherited)";
				SWIFT_OPTIMIZATION_LEVEL = "-Onone";
			};
			name = Debug;
		};
		966C9AA52CD97CE30060992E /* Release */ = {
			isa = XCBuildConfiguration;
			buildSettings = {
				ALWAYS_SEARCH_USER_PATHS = NO;
				ASSETCATALOG_COMPILER_GENERATE_SWIFT_ASSET_SYMBOL_EXTENSIONS = YES;
				CLANG_ANALYZER_NONNULL = YES;
				CLANG_ANALYZER_NUMBER_OBJECT_CONVERSION = YES_AGGRESSIVE;
				CLANG_CXX_LANGUAGE_STANDARD = "gnu++20";
				CLANG_ENABLE_MODULES = YES;
				CLANG_ENABLE_OBJC_ARC = YES;
				CLANG_ENABLE_OBJC_WEAK = YES;
				CLANG_WARN_BLOCK_CAPTURE_AUTORELEASING = YES;
				CLANG_WARN_BOOL_CONVERSION = YES;
				CLANG_WARN_COMMA = YES;
				CLANG_WARN_CONSTANT_CONVERSION = YES;
				CLANG_WARN_DEPRECATED_OBJC_IMPLEMENTATIONS = YES;
				CLANG_WARN_DIRECT_OBJC_ISA_USAGE = YES_ERROR;
				CLANG_WARN_DOCUMENTATION_COMMENTS = YES;
				CLANG_WARN_EMPTY_BODY = YES;
				CLANG_WARN_ENUM_CONVERSION = YES;
				CLANG_WARN_INFINITE_RECURSION = YES;
				CLANG_WARN_INT_CONVERSION = YES;
				CLANG_WARN_NON_LITERAL_NULL_CONVERSION = YES;
				CLANG_WARN_OBJC_IMPLICIT_RETAIN_SELF = YES;
				CLANG_WARN_OBJC_LITERAL_CONVERSION = YES;
				CLANG_WARN_OBJC_ROOT_CLASS = YES_ERROR;
				CLANG_WARN_QUOTED_INCLUDE_IN_FRAMEWORK_HEADER = YES;
				CLANG_WARN_RANGE_LOOP_ANALYSIS = YES;
				CLANG_WARN_STRICT_PROTOTYPES = YES;
				CLANG_WARN_SUSPICIOUS_MOVE = YES;
				CLANG_WARN_UNGUARDED_AVAILABILITY = YES_AGGRESSIVE;
				CLANG_WARN_UNREACHABLE_CODE = YES;
				CLANG_WARN__DUPLICATE_METHOD_MATCH = YES;
				COPY_PHASE_STRIP = NO;
				DEBUG_INFORMATION_FORMAT = "dwarf-with-dsym";
				ENABLE_NS_ASSERTIONS = NO;
				ENABLE_STRICT_OBJC_MSGSEND = YES;
				ENABLE_USER_SCRIPT_SANDBOXING = YES;
				GCC_C_LANGUAGE_STANDARD = gnu17;
				GCC_NO_COMMON_BLOCKS = YES;
				GCC_WARN_64_TO_32_BIT_CONVERSION = YES;
				GCC_WARN_ABOUT_RETURN_TYPE = YES_ERROR;
				GCC_WARN_UNDECLARED_SELECTOR = YES;
				GCC_WARN_UNINITIALIZED_AUTOS = YES_AGGRESSIVE;
				GCC_WARN_UNUSED_FUNCTION = YES;
				GCC_WARN_UNUSED_VARIABLE = YES;
				IPHONEOS_DEPLOYMENT_TARGET = 18.1;
				LOCALIZATION_PREFERS_STRING_CATALOGS = YES;
				MTL_ENABLE_DEBUG_INFO = NO;
				MTL_FAST_MATH = YES;
				SDKROOT = iphoneos;
				SWIFT_COMPILATION_MODE = wholemodule;
				VALIDATE_PRODUCT = YES;
			};
			name = Release;
		};
		966C9AA72CD97CE30060992E /* Debug */ = {
			isa = XCBuildConfiguration;
			buildSettings = {
				ASSETCATALOG_COMPILER_APPICON_NAME = AppIcon;
				ASSETCATALOG_COMPILER_GLOBAL_ACCENT_COLOR_NAME = AccentColor;
				CODE_SIGN_STYLE = Automatic;
				CURRENT_PROJECT_VERSION = 1;
				DEVELOPMENT_TEAM = CKGXYS3R8N;
				GENERATE_INFOPLIST_FILE = YES;
				INFOPLIST_KEY_UIApplicationSupportsIndirectInputEvents = YES;
				INFOPLIST_KEY_UILaunchStoryboardName = LaunchScreen;
				INFOPLIST_KEY_UIMainStoryboardFile = Main;
				INFOPLIST_KEY_UIStatusBarHidden = YES;
				INFOPLIST_KEY_UISupportedInterfaceOrientations_iPad = "UIInterfaceOrientationPortrait UIInterfaceOrientationPortraitUpsideDown UIInterfaceOrientationLandscapeLeft UIInterfaceOrientationLandscapeRight";
				INFOPLIST_KEY_UISupportedInterfaceOrientations_iPhone = "UIInterfaceOrientationPortrait UIInterfaceOrientationLandscapeLeft UIInterfaceOrientationLandscapeRight";
				LD_RUNPATH_SEARCH_PATHS = (
					"$(inherited)",
					"@executable_path/Frameworks",
				);
				MARKETING_VERSION = 1.0;
				PRODUCT_BUNDLE_IDENTIFIER = com.bucaa.FlappyMax;
				PRODUCT_NAME = "$(TARGET_NAME)";
				SWIFT_EMIT_LOC_STRINGS = YES;
				SWIFT_VERSION = 5.0;
				TARGETED_DEVICE_FAMILY = "1,2";
			};
			name = Debug;
		};
		966C9AA82CD97CE30060992E /* Release */ = {
			isa = XCBuildConfiguration;
			buildSettings = {
				ASSETCATALOG_COMPILER_APPICON_NAME = AppIcon;
				ASSETCATALOG_COMPILER_GLOBAL_ACCENT_COLOR_NAME = AccentColor;
				CODE_SIGN_STYLE = Automatic;
				CURRENT_PROJECT_VERSION = 1;
				DEVELOPMENT_TEAM = CKGXYS3R8N;
				GENERATE_INFOPLIST_FILE = YES;
				INFOPLIST_KEY_UIApplicationSupportsIndirectInputEvents = YES;
				INFOPLIST_KEY_UILaunchStoryboardName = LaunchScreen;
				INFOPLIST_KEY_UIMainStoryboardFile = Main;
				INFOPLIST_KEY_UIStatusBarHidden = YES;
				INFOPLIST_KEY_UISupportedInterfaceOrientations_iPad = "UIInterfaceOrientationPortrait UIInterfaceOrientationPortraitUpsideDown UIInterfaceOrientationLandscapeLeft UIInterfaceOrientationLandscapeRight";
				INFOPLIST_KEY_UISupportedInterfaceOrientations_iPhone = "UIInterfaceOrientationPortrait UIInterfaceOrientationLandscapeLeft UIInterfaceOrientationLandscapeRight";
				LD_RUNPATH_SEARCH_PATHS = (
					"$(inherited)",
					"@executable_path/Frameworks",
				);
				MARKETING_VERSION = 1.0;
				PRODUCT_BUNDLE_IDENTIFIER = com.bucaa.FlappyMax;
				PRODUCT_NAME = "$(TARGET_NAME)";
				SWIFT_EMIT_LOC_STRINGS = YES;
				SWIFT_VERSION = 5.0;
				TARGETED_DEVICE_FAMILY = "1,2";
			};
			name = Release;
		};
		966C9AAA2CD97CE30060992E /* Debug */ = {
			isa = XCBuildConfiguration;
			buildSettings = {
				BUNDLE_LOADER = "$(TEST_HOST)";
				CODE_SIGN_STYLE = Automatic;
				CURRENT_PROJECT_VERSION = 1;
				DEVELOPMENT_TEAM = CKGXYS3R8N;
				GENERATE_INFOPLIST_FILE = YES;
				IPHONEOS_DEPLOYMENT_TARGET = 18.1;
				MARKETING_VERSION = 1.0;
				PRODUCT_BUNDLE_IDENTIFIER = com.bucaa.FlappyMaxTests;
				PRODUCT_NAME = "$(TARGET_NAME)";
				SWIFT_EMIT_LOC_STRINGS = NO;
				SWIFT_VERSION = 5.0;
				TARGETED_DEVICE_FAMILY = "1,2";
				TEST_HOST = "$(BUILT_PRODUCTS_DIR)/FlappyMax.app/$(BUNDLE_EXECUTABLE_FOLDER_PATH)/FlappyMax";
			};
			name = Debug;
		};
		966C9AAB2CD97CE30060992E /* Release */ = {
			isa = XCBuildConfiguration;
			buildSettings = {
				BUNDLE_LOADER = "$(TEST_HOST)";
				CODE_SIGN_STYLE = Automatic;
				CURRENT_PROJECT_VERSION = 1;
				DEVELOPMENT_TEAM = CKGXYS3R8N;
				GENERATE_INFOPLIST_FILE = YES;
				IPHONEOS_DEPLOYMENT_TARGET = 18.1;
				MARKETING_VERSION = 1.0;
				PRODUCT_BUNDLE_IDENTIFIER = com.bucaa.FlappyMaxTests;
				PRODUCT_NAME = "$(TARGET_NAME)";
				SWIFT_EMIT_LOC_STRINGS = NO;
				SWIFT_VERSION = 5.0;
				TARGETED_DEVICE_FAMILY = "1,2";
				TEST_HOST = "$(BUILT_PRODUCTS_DIR)/FlappyMax.app/$(BUNDLE_EXECUTABLE_FOLDER_PATH)/FlappyMax";
			};
			name = Release;
		};
		966C9AAD2CD97CE30060992E /* Debug */ = {
			isa = XCBuildConfiguration;
			buildSettings = {
				CODE_SIGN_STYLE = Automatic;
				CURRENT_PROJECT_VERSION = 1;
				DEVELOPMENT_TEAM = CKGXYS3R8N;
				GENERATE_INFOPLIST_FILE = YES;
				MARKETING_VERSION = 1.0;
				PRODUCT_BUNDLE_IDENTIFIER = com.bucaa.FlappyMaxUITests;
				PRODUCT_NAME = "$(TARGET_NAME)";
				SWIFT_EMIT_LOC_STRINGS = NO;
				SWIFT_VERSION = 5.0;
				TARGETED_DEVICE_FAMILY = "1,2";
				TEST_TARGET_NAME = FlappyMax;
			};
			name = Debug;
		};
		966C9AAE2CD97CE30060992E /* Release */ = {
			isa = XCBuildConfiguration;
			buildSettings = {
				CODE_SIGN_STYLE = Automatic;
				CURRENT_PROJECT_VERSION = 1;
				DEVELOPMENT_TEAM = CKGXYS3R8N;
				GENERATE_INFOPLIST_FILE = YES;
				MARKETING_VERSION = 1.0;
				PRODUCT_BUNDLE_IDENTIFIER = com.bucaa.FlappyMaxUITests;
				PRODUCT_NAME = "$(TARGET_NAME)";
				SWIFT_EMIT_LOC_STRINGS = NO;
				SWIFT_VERSION = 5.0;
				TARGETED_DEVICE_FAMILY = "1,2";
				TEST_TARGET_NAME = FlappyMax;
			};
			name = Release;
		};
/* End XCBuildConfiguration section */

/* Begin XCConfigurationList section */
		966C9A742CD97CE20060992E /* Build configuration list for PBXProject "FlappyMax" */ = {
			isa = XCConfigurationList;
			buildConfigurations = (
				966C9AA42CD97CE30060992E /* Debug */,
				966C9AA52CD97CE30060992E /* Release */,
			);
			defaultConfigurationIsVisible = 0;
			defaultConfigurationName = Release;
		};
		966C9AA62CD97CE30060992E /* Build configuration list for PBXNativeTarget "FlappyMax" */ = {
			isa = XCConfigurationList;
			buildConfigurations = (
				966C9AA72CD97CE30060992E /* Debug */,
				966C9AA82CD97CE30060992E /* Release */,
			);
			defaultConfigurationIsVisible = 0;
			defaultConfigurationName = Release;
		};
		966C9AA92CD97CE30060992E /* Build configuration list for PBXNativeTarget "FlappyMaxTests" */ = {
			isa = XCConfigurationList;
			buildConfigurations = (
				966C9AAA2CD97CE30060992E /* Debug */,
				966C9AAB2CD97CE30060992E /* Release */,
			);
			defaultConfigurationIsVisible = 0;
			defaultConfigurationName = Release;
		};
		966C9AAC2CD97CE30060992E /* Build configuration list for PBXNativeTarget "FlappyMaxUITests" */ = {
			isa = XCConfigurationList;
			buildConfigurations = (
				966C9AAD2CD97CE30060992E /* Debug */,
				966C9AAE2CD97CE30060992E /* Release */,
			);
			defaultConfigurationIsVisible = 0;
			defaultConfigurationName = Release;
		};
/* End XCConfigurationList section */
	};
	rootObject = 966C9A712CD97CE20060992E /* Project object */;
}
